
Microsoft Visual Studio Solution File, Format Version 12.00
# Visual Studio Version 17
VisualStudioVersion = 17.3.32811.315
MinimumVisualStudioVersion = 10.0.40219.1
Project("{FAE04EC0-301F-11D3-BF4B-00C04F79EFBC}") = "HospedagemConsole", "HospedagemConsole\HospedagemConsole.csproj", "{15A0E064-D1CD-49E3-8B7E-99DD09561545}"
EndProject
Global
	GlobalSection(SolutionConfigurationPlatforms) = preSolution
		Debug|Any CPU = Debug|Any CPU
		Release|Any CPU = Release|Any CPU
	EndGlobalSection
	GlobalSection(ProjectConfigurationPlatforms) = postSolution
		{15A0E064-D1CD-49E3-8B7E-99DD09561545}.Debug|Any CPU.ActiveCfg = Debug|Any CPU
		{15A0E064-D1CD-49E3-8B7E-99DD09561545}.Debug|Any CPU.Build.0 = Debug|Any CPU
		{15A0E064-D1CD-49E3-8B7E-99DD09561545}.Release|Any CPU.ActiveCfg = Release|Any CPU
		{15A0E064-D1CD-49E3-8B7E-99DD09561545}.Release|Any CPU.Build.0 = Release|Any CPU
	EndGlobalSection
	GlobalSection(SolutionProperties) = preSolution
		HideSolutionNode = FALSE
	EndGlobalSection
	GlobalSection(ExtensibilityGlobals) = postSolution
		SolutionGuid = {8C31A3E3-A70E-437C-8040-5AEC901A3759}
	EndGlobalSection
EndGlobal
